{
  "originHash" : "3dda5999845670370b3ec07a5358d2054ce63b03ce44f4665e6d9123df31700d",
  "pins" : [
    {
      "identity" : "swift-sqlcipher",
      "kind" : "remoteSourceControl",
      "location" : "https://github.com/skiptools/swift-sqlcipher.git",
      "state" : {
        "revision" : "777247141ffffbff08d725504dff8e672d6e41fb",
        "version" : "1.7.1"
      }
    }
  ],
  "version" : 3
}
